// !$*UTF8*$!
{
	archiveVersion = 1;
	classes = {
	};
	objectVersion = 46;
	objects = {

/* Begin PBXBuildFile section */
		43C4327C1F3C115800C352C0 /* main.m in Sources */ = {isa = PBXBuildFile; fileRef = 43C4327B1F3C115800C352C0 /* main.m */; };
		43C4327F1F3C115800C352C0 /* AppDelegate.m in Sources */ = {isa = PBXBuildFile; fileRef = 43C4327E1F3C115800C352C0 /* AppDelegate.m */; };
		43C432821F3C115800C352C0 /* ViewController.m in Sources */ = {isa = PBXBuildFile; fileRef = 43C432811F3C115800C352C0 /* ViewController.m */; };
		43C432851F3C115800C352C0 /* Main.storyboard in Resources */ = {isa = PBXBuildFile; fileRef = 43C432831F3C115800C352C0 /* Main.storyboard */; };
		43C432871F3C115800C352C0 /* Assets.xcassets in Resources */ = {isa = PBXBuildFile; fileRef = 43C432861F3C115800C352C0 /* Assets.xcassets */; };
		43C4328A1F3C115800C352C0 /* LaunchScreen.storyboard in Resources */ = {isa = PBXBuildFile; fileRef = 43C432881F3C115800C352C0 /* LaunchScreen.storyboard */; };
/* End PBXBuildFile section */

/* Begin PBXFileReference section */
		43C432771F3C115800C352C0 /* CustomCamera.app */ = {isa = PBXFileReference; explicitFileType = wrapper.application; includeInIndex = 0; path = CustomCamera.app; sourceTree = BUILT_PRODUCTS_DIR; };
		43C4327B1F3C115800C352C0 /* main.m */ = {isa = PBXFileReference; lastKnownFileType = sourcecode.c.objc; path = main.m; sourceTree = "<group>"; };
		43C4327D1F3C115800C352C0 /* AppDelegate.h */ = {isa = PBXFileReference; lastKnownFileType = sourcecode.c.h; path = AppDelegate.h; sourceTree = "<group>"; };
		43C4327E1F3C115800C352C0 /* AppDelegate.m */ = {isa = PBXFileReference; lastKnownFileType = sourcecode.c.objc; path = AppDelegate.m; sourceTree = "<group>"; };
		43C432801F3C115800C352C0 /* ViewController.h */ = {isa = PBXFileReference; lastKnownFileType = sourcecode.c.h; path = ViewController.h; sourceTree = "<group>"; };
		43C432811F3C115800C352C0 /* ViewController.m */ = {isa = PBXFileReference; lastKnownFileType = sourcecode.c.objc; path = ViewController.m; sourceTree = "<group>"; };
		43C432841F3C115800C352C0 /* Base */ = {isa = PBXFileReference; lastKnownFileType = file.storyboard; name = Base; path = Base.lproj/Main.storyboard; sourceTree = "<group>"; };
		43C432861F3C115800C352C0 /* Assets.xcassets */ = {isa = PBXFileReference; lastKnownFileType = folder.assetcatalog; path = Assets.xcassets; sourceTree = "<group>"; };
		43C432891F3C115800C352C0 /* Base */ = {isa = PBXFileReference; lastKnownFileType = file.storyboard; name = Base; path = Base.lproj/LaunchScreen.storyboard; sourceTree = "<group>"; };
		43C4328B1F3C115800C352C0 /* Info.plist */ = {isa = PBXFileReference; lastKnownFileType = text.plist.xml; path = Info.plist; sourceTree = "<group>"; };
/* End PBXFileReference section */

/* Begin PBXFrameworksBuildPhase section */
		43C432741F3C115800C352C0 /* Frameworks */ = {
			isa = PBXFrameworksBuildPhase;
			buildActionMask = 2147483647;
			files = (
			);
			runOnlyForDeploymentPostprocessing = 0;
		};
/* End PBXFrameworksBuildPhase section */

/* Begin PBXGroup section */
		43C4326E1F3C115800C352C0 = {
			isa = PBXGroup;
			children = (
				43C432791F3C115800C352C0 /* CustomCamera */,
				43C432781F3C115800C352C0 /* Products */,
			);
			sourceTree = "<group>";
		};
		43C432781F3C115800C352C0 /* Products */ = {
			isa = PBXGroup;
			children = (
				43C432771F3C115800C352C0 /* CustomCamera.app */,
			);
			name = Products;
			sourceTree = "<group>";
		};
		43C432791F3C115800C352C0 /* CustomCamera */ = {
			isa = PBXGroup;
			children = (
				43C4327D1F3C115800C352C0 /* AppDelegate.h */,
				43C4327E1F3C115800C352C0 /* AppDelegate.m */,
				43C432801F3C115800C352C0 /* ViewController.h */,
				43C432811F3C115800C352C0 /* ViewController.m */,
				43C432831F3C115800C352C0 /* Main.storyboard */,
				43C432861F3C115800C352C0 /* Assets.xcassets */,
				43C432881F3C115800C352C0 /* LaunchScreen.storyboard */,
				43C4328B1F3C115800C352C0 /* Info.plist */,
				43C4327A1F3C115800C352C0 /* Supporting Files */,
			);
			path = CustomCamera;
			sourceTree = "<group>";
		};
		43C4327A1F3C115800C352C0 /* Supporting Files */ = {
			isa = PBXGroup;
			children = (
				43C4327B1F3C115800C352C0 /* main.m */,
			);
			name = "Supporting Files";
			sourceTree = "<group>";
		};
/* End PBXGroup section */

/* Begin PBXNativeTarget section */
		43C432761F3C115800C352C0 /* CustomCamera */ = {
			isa = PBXNativeTarget;
			buildConfigurationList = 43C4328E1F3C115800C352C0 /* Build configuration list for PBXNativeTarget "CustomCamera" */;
			buildPhases = (
				43C432731F3C115800C352C0 /* Sources */,
				43C432741F3C115800C352C0 /* Frameworks */,
				43C432751F3C115800C352C0 /* Resources */,
			);
			buildRules = (
			);
			dependencies = (
			);
			name = CustomCamera;
			productName = CustomCamera;
			productReference = 43C432771F3C115800C352C0 /* CustomCamera.app */;
			productType = "com.apple.product-type.application";
		};
/* End PBXNativeTarget section */

/* Begin PBXProject section */
		43C4326F1F3C115800C352C0 /* Project object */ = {
			isa = PBXProject;
			attributes = {
				LastUpgradeCheck = 0830;
				ORGANIZATIONNAME = LY;
				TargetAttributes = {
					43C432761F3C115800C352C0 = {
						CreatedOnToolsVersion = 8.3.3;
						DevelopmentTeam = QH97S56G79;
						ProvisioningStyle = Automatic;
					};
				};
			};
			buildConfigurationList = 43C432721F3C115800C352C0 /* Build configuration list for PBXProject "CustomCamera" */;
			compatibilityVersion = "Xcode 3.2";
			developmentRegion = English;
			hasScannedForEncodings = 0;
			knownRegions = (
				en,
				Base,
			);
			mainGroup = 43C4326E1F3C115800C352C0;
			productRefGroup = 43C432781F3C115800C352C0 /* Products */;
			projectDirPath = "";
			projectRoot = "";
			targets = (
				43C432761F3C115800C352C0 /* CustomCamera */,
			);
		};
/* End PBXProject section */

/* Begin PBXResourcesBuildPhase section */
		43C432751F3C115800C352C0 /* Resources */ = {
			isa = PBXResourcesBuildPhase;
			buildActionMask = 2147483647;
			files = (
				43C4328A1F3C115800C352C0 /* LaunchScreen.storyboard in Resources */,
				43C432871F3C115800C352C0 /* Assets.xcassets in Resources */,
				43C432851F3C115800C352C0 /* Main.storyboard in Resources */,
			);
			runOnlyForDeploymentPostprocessing = 0;
		};
/* End PBXResourcesBuildPhase section */

/* Begin PBXSourcesBuildPhase section */
		43C432731F3C115800C352C0 /* Sources */ = {
			isa = PBXSourcesBuildPhase;
			buildActionMask = 2147483647;
			files = (
				43C432821F3C115800C352C0 /* ViewController.m in Sources */,
				43C4327F1F3C115800C352C0 /* AppDelegate.m in Sources */,
				43C4327C1F3C115800C352C0 /* main.m in Sources */,
			);
			runOnlyForDeploymentPostprocessing = 0;
		};
/* End PBXSourcesBuildPhase section */

/* Begin PBXVariantGroup section */
		43C432831F3C115800C352C0 /* Main.storyboard */ = {
			isa = PBXVariantGroup;
			children = (
				43C432841F3C115800C352C0 /* Base */,
			);
			name = Main.storyboard;
			sourceTree = "<group>";
		};
		43C432881F3C115800C352C0 /* LaunchScreen.storyboard */ = {
			isa = PBXVariantGroup;
			children = (
				43C432891F3C115800C352C0 /* Base */,
			);
			name = LaunchScreen.storyboard;
			sourceTree = "<group>";
		};
/* End PBXVariantGroup section */

/* Begin XCBuildConfiguration section */
		43C4328C1F3C115800C352C0 /* Debug */ = {
			isa = XCBuildConfiguration;
			buildSettings = {
				ALWAYS_SEARCH_USER_PATHS = NO;
				CLANG_ANALYZER_NONNULL = YES;
				CLANG_ANALYZER_NUMBER_OBJECT_CONVERSION = YES_AGGRESSIVE;
				CLANG_CXX_LANGUAGE_STANDARD = "gnu++0x";
				CLANG_CXX_LIBRARY = "libc++";
				CLANG_ENABLE_MODULES = YES;
				CLANG_ENABLE_OBJC_ARC = YES;
				CLANG_WARN_BOOL_CONVERSION = YES;
				CLANG_WARN_CONSTANT_CONVERSION = YES;
				CLANG_WARN_DIRECT_OBJC_ISA_USAGE = YES_ERROR;
				CLANG_WARN_DOCUMENTATION_COMMENTS = YES;
				CLANG_WARN_EMPTY_BODY = YES;
				CLANG_WARN_ENUM_CONVERSION = YES;
				CLANG_WARN_INFINITE_RECURSION = YES;
				CLANG_WARN_INT_CONVERSION = YES;
				CLANG_WARN_OBJC_ROOT_CLASS = YES_ERROR;
				CLANG_WARN_SUSPICIOUS_MOVE = YES;
				CLANG_WARN_UNREACHABLE_CODE = YES;
				CLANG_WARN__DUPLICATE_METHOD_MATCH = YES;
				"CODE_SIGN_IDENTITY[sdk=iphoneos*]" = "iPhone Developer";
				COPY_PHASE_STRIP = NO;
				DEBUG_INFORMATION_FORMAT = dwarf;
				ENABLE_STRICT_OBJC_MSGSEND = YES;
				ENABLE_TESTABILITY = YES;
				GCC_C_LANGUAGE_STANDARD = gnu99;
				GCC_DYNAMIC_NO_PIC = NO;
				GCC_NO_COMMON_BLOCKS = YES;
				GCC_OPTIMIZATION_LEVEL = 0;
				GCC_PREPROCESSOR_DEFINITIONS = (
					"DEBUG=1",
					"$(inherited)",
				);
				GCC_WARN_64_TO_32_BIT_CONVERSION = YES;
				GCC_WARN_ABOUT_RETURN_TYPE = YES_ERROR;
				GCC_WARN_UNDECLARED_SELECTOR = YES;
				GCC_WARN_UNINITIALIZED_AUTOS = YES_AGGRESSIVE;
				GCC_WARN_UNUSED_FUNCTION = YES;
				GCC_WARN_UNUSED_VARIABLE = YES;
				IPHONEOS_DEPLOYMENT_TARGET = 10.3;
				MTL_ENABLE_DEBUG_INFO = YES;
				ONLY_ACTIVE_ARCH = YES;
				SDKROOT = iphoneos;
			};
			name = Debug;
		};
		43C4328D1F3C115800C352C0 /* Release */ = {
			isa = XCBuildConfiguration;
			buildSettings = {
				ALWAYS_SEARCH_USER_PATHS = NO;
				CLANG_ANALYZER_NONNULL = YES;
				CLANG_ANALYZER_NUMBER_OBJECT_CONVERSION = YES_AGGRESSIVE;
				CLANG_CXX_LANGUAGE_STANDARD = "gnu++0x";
				CLANG_CXX_LIBRARY = "libc++";
				CLANG_ENABLE_MODULES = YES;
				CLANG_ENABLE_OBJC_ARC = YES;
				CLANG_WARN_BOOL_CONVERSION = YES;
				CLANG_WARN_CONSTANT_CONVERSION = YES;
				CLANG_WARN_DIRECT_OBJC_ISA_USAGE = YES_ERROR;
				CLANG_WARN_DOCUMENTATION_COMMENTS = YES;
				CLANG_WARN_EMPTY_BODY = YES;
				CLANG_WARN_ENUM_CONVERSION = YES;
				CLANG_WARN_INFINITE_RECURSION = YES;
				CLANG_WARN_INT_CONVERSION = YES;
				CLANG_WARN_OBJC_ROOT_CLASS = YES_ERROR;
				CLANG_WARN_SUSPICIOUS_MOVE = YES;
				CLANG_WARN_UNREACHABLE_CODE = YES;
				CLANG_WARN__DUPLICATE_METHOD_MATCH = YES;
				"CODE_SIGN_IDENTITY[sdk=iphoneos*]" = "iPhone Developer";
				COPY_PHASE_STRIP = NO;
				DEBUG_INFORMATION_FORMAT = "dwarf-with-dsym";
				ENABLE_NS_ASSERTIONS = NO;
				ENABLE_STRICT_OBJC_MSGSEND = YES;
				GCC_C_LANGUAGE_STANDARD = gnu99;
				GCC_NO_COMMON_BLOCKS = YES;
				GCC_WARN_64_TO_32_BIT_CONVERSION = YES;
				GCC_WARN_ABOUT_RETURN_TYPE = YES_ERROR;
				GCC_WARN_UNDECLARED_SELECTOR = YES;
				GCC_WARN_UNINITIALIZED_AUTOS = YES_AGGRESSIVE;
				GCC_WARN_UNUSED_FUNCTION = YES;
				GCC_WARN_UNUSED_VARIABLE = YES;
				IPHONEOS_DEPLOYMENT_TARGET = 10.3;
				MTL_ENABLE_DEBUG_INFO = NO;
				SDKROOT = iphoneos;
				VALIDATE_PRODUCT = YES;
			};
			name = Release;
		};
		43C4328F1F3C115800C352C0 /* Debug */ = {
			isa = XCBuildConfiguration;
			buildSettings = {
				ASSETCATALOG_COMPILER_APPICON_NAME = AppIcon;
				DEVELOPMENT_TEAM = QH97S56G79;
				INFOPLIST_FILE = CustomCamera/Info.plist;
				LD_RUNPATH_SEARCH_PATHS = "$(inherited) @executable_path/Frameworks";
				PRODUCT_BUNDLE_IDENTIFIER = com.CustomCamera;
				PRODUCT_NAME = "$(TARGET_NAME)";
			};
			name = Debug;
		};
		43C432901F3C115800C352C0 /* Release */ = {
			isa = XCBuildConfiguration;
			buildSettings = {
				ASSETCATALOG_COMPILER_APPICON_NAME = AppIcon;
				DEVELOPMENT_TEAM = QH97S56G79;
				INFOPLIST_FILE = CustomCamera/Info.plist;
				LD_RUNPATH_SEARCH_PATHS = "$(inherited) @executable_path/Frameworks";
				PRODUCT_BUNDLE_IDENTIFIER = com.CustomCamera;
				PRODUCT_NAME = "$(TARGET_NAME)";
			};
			name = Release;
		};
/* End XCBuildConfiguration section */

/* Begin XCConfigurationList section */
		43C432721F3C115800C352C0 /* Build configuration list for PBXProject "CustomCamera" */ = {
			isa = XCConfigurationList;
			buildConfigurations = (
				43C4328C1F3C115800C352C0 /* Debug */,
				43C4328D1F3C115800C352C0 /* Release */,
			);
			defaultConfigurationIsVisible = 0;
			defaultConfigurationName = Release;
		};
		43C4328E1F3C115800C352C0 /* Build configuration list for PBXNativeTarget "CustomCamera" */ = {
			isa = XCConfigurationList;
			buildConfigurations = (
				43C4328F1F3C115800C352C0 /* Debug */,
				43C432901F3C115800C352C0 /* Release */,
			);
			defaultConfigurationIsVisible = 0;
		};
/* End XCConfigurationList section */
	};
	rootObject = 43C4326F1F3C115800C352C0 /* Project object */;
}
